// !$*UTF8*$!
{
	archiveVersion = 1;
	classes = {
	};
	objectVersion = 46;
	objects = {

/* Begin PBXBuildFile section */
		2651413D1CF5808700AE6CB9 /* main.m in Sources */ = {isa = PBXBuildFile; fileRef = 2651413C1CF5808700AE6CB9 /* main.m */; };
		265141401CF5808700AE6CB9 /* AppDelegate.m in Sources */ = {isa = PBXBuildFile; fileRef = 2651413F1CF5808700AE6CB9 /* AppDelegate.m */; };
		265141431CF5808700AE6CB9 /* ViewController.m in Sources */ = {isa = PBXBuildFile; fileRef = 265141421CF5808700AE6CB9 /* ViewController.m */; };
		265141461CF5808700AE6CB9 /* Main.storyboard in Resources */ = {isa = PBXBuildFile; fileRef = 265141441CF5808700AE6CB9 /* Main.storyboard */; };
		265141481CF5808700AE6CB9 /* Assets.xcassets in Resources */ = {isa = PBXBuildFile; fileRef = 265141471CF5808700AE6CB9 /* Assets.xcassets */; };
		2651414B1CF5808700AE6CB9 /* LaunchScreen.storyboard in Resources */ = {isa = PBXBuildFile; fileRef = 265141491CF5808700AE6CB9 /* LaunchScreen.storyboard */; };
		265141561CF5808700AE6CB9 /* YQVideoPlayerTests.m in Sources */ = {isa = PBXBuildFile; fileRef = 265141551CF5808700AE6CB9 /* YQVideoPlayerTests.m */; };
		265141611CF5808700AE6CB9 /* YQVideoPlayerUITests.m in Sources */ = {isa = PBXBuildFile; fileRef = 265141601CF5808700AE6CB9 /* YQVideoPlayerUITests.m */; };
		265141711CF5867700AE6CB9 /* YQVideoPlayer.m in Sources */ = {isa = PBXBuildFile; fileRef = 265141701CF5867700AE6CB9 /* YQVideoPlayer.m */; };
		A6C484201EA7E371D5DA4103 /* libPods-YQVideoPlayer.a in Frameworks */ = {isa = PBXBuildFile; fileRef = 3B1C9CB61396523D4571FC24 /* libPods-YQVideoPlayer.a */; };
/* End PBXBuildFile section */

/* Begin PBXContainerItemProxy section */
		265141521CF5808700AE6CB9 /* PBXContainerItemProxy */ = {
			isa = PBXContainerItemProxy;
			containerPortal = 265141301CF5808700AE6CB9 /* Project object */;
			proxyType = 1;
			remoteGlobalIDString = 265141371CF5808700AE6CB9;
			remoteInfo = YQVideoPlayer;
		};
		2651415D1CF5808700AE6CB9 /* PBXContainerItemProxy */ = {
			isa = PBXContainerItemProxy;
			containerPortal = 265141301CF5808700AE6CB9 /* Project object */;
			proxyType = 1;
			remoteGlobalIDString = 265141371CF5808700AE6CB9;
			remoteInfo = YQVideoPlayer;
		};
/* End PBXContainerItemProxy section */

/* Begin PBXFileReference section */
		0971C1553B5C3C225F35A5EA /* Pods-YQVideoPlayer.release.xcconfig */ = {isa = PBXFileReference; includeInIndex = 1; lastKnownFileType = text.xcconfig; name = "Pods-YQVideoPlayer.release.xcconfig"; path = "Pods/Target Support Files/Pods-YQVideoPlayer/Pods-YQVideoPlayer.release.xcconfig"; sourceTree = "<group>"; };
		265141381CF5808700AE6CB9 /* YQVideoPlayer.app */ = {isa = PBXFileReference; explicitFileType = wrapper.application; includeInIndex = 0; path = YQVideoPlayer.app; sourceTree = BUILT_PRODUCTS_DIR; };
		2651413C1CF5808700AE6CB9 /* main.m */ = {isa = PBXFileReference; lastKnownFileType = sourcecode.c.objc; path = main.m; sourceTree = "<group>"; };
		2651413E1CF5808700AE6CB9 /* AppDelegate.h */ = {isa = PBXFileReference; lastKnownFileType = sourcecode.c.h; path = AppDelegate.h; sourceTree = "<group>"; };
		2651413F1CF5808700AE6CB9 /* AppDelegate.m */ = {isa = PBXFileReference; lastKnownFileType = sourcecode.c.objc; path = AppDelegate.m; sourceTree = "<group>"; };
		265141411CF5808700AE6CB9 /* ViewController.h */ = {isa = PBXFileReference; lastKnownFileType = sourcecode.c.h; path = ViewController.h; sourceTree = "<group>"; };
		265141421CF5808700AE6CB9 /* ViewController.m */ = {isa = PBXFileReference; lastKnownFileType = sourcecode.c.objc; path = ViewController.m; sourceTree = "<group>"; };
		265141451CF5808700AE6CB9 /* Base */ = {isa = PBXFileReference; lastKnownFileType = file.storyboard; name = Base; path = Base.lproj/Main.storyboard; sourceTree = "<group>"; };
		265141471CF5808700AE6CB9 /* Assets.xcassets */ = {isa = PBXFileReference; lastKnownFileType = folder.assetcatalog; path = Assets.xcassets; sourceTree = "<group>"; };
		2651414A1CF5808700AE6CB9 /* Base */ = {isa = PBXFileReference; lastKnownFileType = file.storyboard; name = Base; path = Base.lproj/LaunchScreen.storyboard; sourceTree = "<group>"; };
		2651414C1CF5808700AE6CB9 /* Info.plist */ = {isa = PBXFileReference; lastKnownFileType = text.plist.xml; path = Info.plist; sourceTree = "<group>"; };
		265141511CF5808700AE6CB9 /* YQVideoPlayerTests.xctest */ = {isa = PBXFileReference; explicitFileType = wrapper.cfbundle; includeInIndex = 0; path = YQVideoPlayerTests.xctest; sourceTree = BUILT_PRODUCTS_DIR; };
		265141551CF5808700AE6CB9 /* YQVideoPlayerTests.m */ = {isa = PBXFileReference; lastKnownFileType = sourcecode.c.objc; path = YQVideoPlayerTests.m; sourceTree = "<group>"; };
		265141571CF5808700AE6CB9 /* Info.plist */ = {isa = PBXFileReference; lastKnownFileType = text.plist.xml; path = Info.plist; sourceTree = "<group>"; };
		2651415C1CF5808700AE6CB9 /* YQVideoPlayerUITests.xctest */ = {isa = PBXFileReference; explicitFileType = wrapper.cfbundle; includeInIndex = 0; path = YQVideoPlayerUITests.xctest; sourceTree = BUILT_PRODUCTS_DIR; };
		265141601CF5808700AE6CB9 /* YQVideoPlayerUITests.m */ = {isa = PBXFileReference; lastKnownFileType = sourcecode.c.objc; path = YQVideoPlayerUITests.m; sourceTree = "<group>"; };
		265141621CF5808700AE6CB9 /* Info.plist */ = {isa = PBXFileReference; lastKnownFileType = text.plist.xml; path = Info.plist; sourceTree = "<group>"; };
		2651416F1CF5867700AE6CB9 /* YQVideoPlayer.h */ = {isa = PBXFileReference; fileEncoding = 4; lastKnownFileType = sourcecode.c.h; path = YQVideoPlayer.h; sourceTree = "<group>"; };
		265141701CF5867700AE6CB9 /* YQVideoPlayer.m */ = {isa = PBXFileReference; fileEncoding = 4; lastKnownFileType = sourcecode.c.objc; path = YQVideoPlayer.m; sourceTree = "<group>"; };
		3B1C9CB61396523D4571FC24 /* libPods-YQVideoPlayer.a */ = {isa = PBXFileReference; explicitFileType = archive.ar; includeInIndex = 0; path = "libPods-YQVideoPlayer.a"; sourceTree = BUILT_PRODUCTS_DIR; };
		58378428FDC2FE6EDBCA3FF9 /* Pods-YQVideoPlayer.debug.xcconfig */ = {isa = PBXFileReference; includeInIndex = 1; lastKnownFileType = text.xcconfig; name = "Pods-YQVideoPlayer.debug.xcconfig"; path = "Pods/Target Support Files/Pods-YQVideoPlayer/Pods-YQVideoPlayer.debug.xcconfig"; sourceTree = "<group>"; };
/* End PBXFileReference section */

/* Begin PBXFrameworksBuildPhase section */
		265141351CF5808700AE6CB9 /* Frameworks */ = {
			isa = PBXFrameworksBuildPhase;
			buildActionMask = 2147483647;
			files = (
				A6C484201EA7E371D5DA4103 /* libPods-YQVideoPlayer.a in Frameworks */,
			);
			runOnlyForDeploymentPostprocessing = 0;
		};
		2651414E1CF5808700AE6CB9 /* Frameworks */ = {
			isa = PBXFrameworksBuildPhase;
			buildActionMask = 2147483647;
			files = (
			);
			runOnlyForDeploymentPostprocessing = 0;
		};
		265141591CF5808700AE6CB9 /* Frameworks */ = {
			isa = PBXFrameworksBuildPhase;
			buildActionMask = 2147483647;
			files = (
			);
			runOnlyForDeploymentPostprocessing = 0;
		};
/* End PBXFrameworksBuildPhase section */

/* Begin PBXGroup section */
		2651412F1CF5808700AE6CB9 = {
			isa = PBXGroup;
			children = (
				2651413A1CF5808700AE6CB9 /* YQVideoPlayer */,
				265141541CF5808700AE6CB9 /* YQVideoPlayerTests */,
				2651415F1CF5808700AE6CB9 /* YQVideoPlayerUITests */,
				265141391CF5808700AE6CB9 /* Products */,
				B350E0676E0A081493DD2801 /* Pods */,
				A3A224F8086177C68D92CAD4 /* Frameworks */,
			);
			sourceTree = "<group>";
		};
		265141391CF5808700AE6CB9 /* Products */ = {
			isa = PBXGroup;
			children = (
				265141381CF5808700AE6CB9 /* YQVideoPlayer.app */,
				265141511CF5808700AE6CB9 /* YQVideoPlayerTests.xctest */,
				2651415C1CF5808700AE6CB9 /* YQVideoPlayerUITests.xctest */,
			);
			name = Products;
			sourceTree = "<group>";
		};
		2651413A1CF5808700AE6CB9 /* YQVideoPlayer */ = {
			isa = PBXGroup;
			children = (
				2651416E1CF585BE00AE6CB9 /* YQVideoPlayer */,
				2651413E1CF5808700AE6CB9 /* AppDelegate.h */,
				2651413F1CF5808700AE6CB9 /* AppDelegate.m */,
				265141411CF5808700AE6CB9 /* ViewController.h */,
				265141421CF5808700AE6CB9 /* ViewController.m */,
				265141441CF5808700AE6CB9 /* Main.storyboard */,
				265141471CF5808700AE6CB9 /* Assets.xcassets */,
				265141491CF5808700AE6CB9 /* LaunchScreen.storyboard */,
				2651414C1CF5808700AE6CB9 /* Info.plist */,
				2651413B1CF5808700AE6CB9 /* Supporting Files */,
			);
			path = YQVideoPlayer;
			sourceTree = "<group>";
		};
		2651413B1CF5808700AE6CB9 /* Supporting Files */ = {
			isa = PBXGroup;
			children = (
				2651413C1CF5808700AE6CB9 /* main.m */,
			);
			name = "Supporting Files";
			sourceTree = "<group>";
		};
		265141541CF5808700AE6CB9 /* YQVideoPlayerTests */ = {
			isa = PBXGroup;
			children = (
				265141551CF5808700AE6CB9 /* YQVideoPlayerTests.m */,
				265141571CF5808700AE6CB9 /* Info.plist */,
			);
			path = YQVideoPlayerTests;
			sourceTree = "<group>";
		};
		2651415F1CF5808700AE6CB9 /* YQVideoPlayerUITests */ = {
			isa = PBXGroup;
			children = (
				265141601CF5808700AE6CB9 /* YQVideoPlayerUITests.m */,
				265141621CF5808700AE6CB9 /* Info.plist */,
			);
			path = YQVideoPlayerUITests;
			sourceTree = "<group>";
		};
		2651416E1CF585BE00AE6CB9 /* YQVideoPlayer */ = {
			isa = PBXGroup;
			children = (
				2651416F1CF5867700AE6CB9 /* YQVideoPlayer.h */,
				265141701CF5867700AE6CB9 /* YQVideoPlayer.m */,
			);
			path = YQVideoPlayer;
			sourceTree = "<group>";
		};
		A3A224F8086177C68D92CAD4 /* Frameworks */ = {
			isa = PBXGroup;
			children = (
				3B1C9CB61396523D4571FC24 /* libPods-YQVideoPlayer.a */,
			);
			name = Frameworks;
			sourceTree = "<group>";
		};
		B350E0676E0A081493DD2801 /* Pods */ = {
			isa = PBXGroup;
			children = (
				58378428FDC2FE6EDBCA3FF9 /* Pods-YQVideoPlayer.debug.xcconfig */,
				0971C1553B5C3C225F35A5EA /* Pods-YQVideoPlayer.release.xcconfig */,
			);
			name = Pods;
			sourceTree = "<group>";
		};
/* End PBXGroup section */

/* Begin PBXNativeTarget section */
		265141371CF5808700AE6CB9 /* YQVideoPlayer */ = {
			isa = PBXNativeTarget;
			buildConfigurationList = 265141651CF5808700AE6CB9 /* Build configuration list for PBXNativeTarget "YQVideoPlayer" */;
			buildPhases = (
				A54AB0B7CB07C29D24D71C8F /* 📦 Check Pods Manifest.lock */,
				265141341CF5808700AE6CB9 /* Sources */,
				265141351CF5808700AE6CB9 /* Frameworks */,
				265141361CF5808700AE6CB9 /* Resources */,
				69E4E66B2A68450122E52CCF /* 📦 Embed Pods Frameworks */,
				B0B21C6B1839AFEF13E7DAD2 /* 📦 Copy Pods Resources */,
			);
			buildRules = (
			);
			dependencies = (
			);
			name = YQVideoPlayer;
			productName = YQVideoPlayer;
			productReference = 265141381CF5808700AE6CB9 /* YQVideoPlayer.app */;
			productType = "com.apple.product-type.application";
		};
		265141501CF5808700AE6CB9 /* YQVideoPlayerTests */ = {
			isa = PBXNativeTarget;
			buildConfigurationList = 265141681CF5808700AE6CB9 /* Build configuration list for PBXNativeTarget "YQVideoPlayerTests" */;
			buildPhases = (
				2651414D1CF5808700AE6CB9 /* Sources */,
				2651414E1CF5808700AE6CB9 /* Frameworks */,
				2651414F1CF5808700AE6CB9 /* Resources */,
			);
			buildRules = (
			);
			dependencies = (
				265141531CF5808700AE6CB9 /* PBXTargetDependency */,
			);
			name = YQVideoPlayerTests;
			productName = YQVideoPlayerTests;
			productReference = 265141511CF5808700AE6CB9 /* YQVideoPlayerTests.xctest */;
			productType = "com.apple.product-type.bundle.unit-test";
		};
		2651415B1CF5808700AE6CB9 /* YQVideoPlayerUITests */ = {
			isa = PBXNativeTarget;
			buildConfigurationList = 2651416B1CF5808700AE6CB9 /* Build configuration list for PBXNativeTarget "YQVideoPlayerUITests" */;
			buildPhases = (
				265141581CF5808700AE6CB9 /* Sources */,
				265141591CF5808700AE6CB9 /* Frameworks */,
				2651415A1CF5808700AE6CB9 /* Resources */,
			);
			buildRules = (
			);
			dependencies = (
				2651415E1CF5808700AE6CB9 /* PBXTargetDependency */,
			);
			name = YQVideoPlayerUITests;
			productName = YQVideoPlayerUITests;
			productReference = 2651415C1CF5808700AE6CB9 /* YQVideoPlayerUITests.xctest */;
			productType = "com.apple.product-type.bundle.ui-testing";
		};
/* End PBXNativeTarget section */

/* Begin PBXProject section */
		265141301CF5808700AE6CB9 /* Project object */ = {
			isa = PBXProject;
			attributes = {
				LastUpgradeCheck = 0730;
				ORGANIZATIONNAME = Mopon;
				TargetAttributes = {
					265141371CF5808700AE6CB9 = {
						CreatedOnToolsVersion = 7.3.1;
					};
					265141501CF5808700AE6CB9 = {
						CreatedOnToolsVersion = 7.3.1;
						TestTargetID = 265141371CF5808700AE6CB9;
					};
					2651415B1CF5808700AE6CB9 = {
						CreatedOnToolsVersion = 7.3.1;
						TestTargetID = 265141371CF5808700AE6CB9;
					};
				};
			};
			buildConfigurationList = 265141331CF5808700AE6CB9 /* Build configuration list for PBXProject "YQVideoPlayer" */;
			compatibilityVersion = "Xcode 3.2";
			developmentRegion = English;
			hasScannedForEncodings = 0;
			knownRegions = (
				en,
				Base,
			);
			mainGroup = 2651412F1CF5808700AE6CB9;
			productRefGroup = 265141391CF5808700AE6CB9 /* Products */;
			projectDirPath = "";
			projectRoot = "";
			targets = (
				265141371CF5808700AE6CB9 /* YQVideoPlayer */,
				265141501CF5808700AE6CB9 /* YQVideoPlayerTests */,
				2651415B1CF5808700AE6CB9 /* YQVideoPlayerUITests */,
			);
		};
/* End PBXProject section */

/* Begin PBXResourcesBuildPhase section */
		265141361CF5808700AE6CB9 /* Resources */ = {
			isa = PBXResourcesBuildPhase;
			buildActionMask = 2147483647;
			files = (
				2651414B1CF5808700AE6CB9 /* LaunchScreen.storyboard in Resources */,
				265141481CF5808700AE6CB9 /* Assets.xcassets in Resources */,
				265141461CF5808700AE6CB9 /* Main.storyboard in Resources */,
			);
			runOnlyForDeploymentPostprocessing = 0;
		};
		2651414F1CF5808700AE6CB9 /* Resources */ = {
			isa = PBXResourcesBuildPhase;
			buildActionMask = 2147483647;
			files = (
			);
			runOnlyForDeploymentPostprocessing = 0;
		};
		2651415A1CF5808700AE6CB9 /* Resources */ = {
			isa = PBXResourcesBuildPhase;
			buildActionMask = 2147483647;
			files = (
			);
			runOnlyForDeploymentPostprocessing = 0;
		};
/* End PBXResourcesBuildPhase section */

/* Begin PBXShellScriptBuildPhase section */
		69E4E66B2A68450122E52CCF /* 📦 Embed Pods Frameworks */ = {
			isa = PBXShellScriptBuildPhase;
			buildActionMask = 2147483647;
			files = (
			);
			inputPaths = (
			);
			name = "📦 Embed Pods Frameworks";
			outputPaths = (
			);
			runOnlyForDeploymentPostprocessing = 0;
			shellPath = /bin/sh;
			shellScript = "\"${SRCROOT}/Pods/Target Support Files/Pods-YQVideoPlayer/Pods-YQVideoPlayer-frameworks.sh\"\n";
			showEnvVarsInLog = 0;
		};
		A54AB0B7CB07C29D24D71C8F /* 📦 Check Pods Manifest.lock */ = {
			isa = PBXShellScriptBuildPhase;
			buildActionMask = 2147483647;
			files = (
			);
			inputPaths = (
			);
			name = "📦 Check Pods Manifest.lock";
			outputPaths = (
			);
			runOnlyForDeploymentPostprocessing = 0;
			shellPath = /bin/sh;
			shellScript = "diff \"${PODS_ROOT}/../Podfile.lock\" \"${PODS_ROOT}/Manifest.lock\" > /dev/null\nif [[ $? != 0 ]] ; then\n    cat << EOM\nerror: The sandbox is not in sync with the Podfile.lock. Run 'pod install' or update your CocoaPods installation.\nEOM\n    exit 1\nfi\n";
			showEnvVarsInLog = 0;
		};
		B0B21C6B1839AFEF13E7DAD2 /* 📦 Copy Pods Resources */ = {
			isa = PBXShellScriptBuildPhase;
			buildActionMask = 2147483647;
			files = (
			);
			inputPaths = (
			);
			name = "📦 Copy Pods Resources";
			outputPaths = (
			);
			runOnlyForDeploymentPostprocessing = 0;
			shellPath = /bin/sh;
			shellScript = "\"${SRCROOT}/Pods/Target Support Files/Pods-YQVideoPlayer/Pods-YQVideoPlayer-resources.sh\"\n";
			showEnvVarsInLog = 0;
		};
/* End PBXShellScriptBuildPhase section */

/* Begin PBXSourcesBuildPhase section */
		265141341CF5808700AE6CB9 /* Sources */ = {
			isa = PBXSourcesBuildPhase;
			buildActionMask = 2147483647;
			files = (
				265141711CF5867700AE6CB9 /* YQVideoPlayer.m in Sources */,
				265141431CF5808700AE6CB9 /* ViewController.m in Sources */,
				265141401CF5808700AE6CB9 /* AppDelegate.m in Sources */,
				2651413D1CF5808700AE6CB9 /* main.m in Sources */,
			);
			runOnlyForDeploymentPostprocessing = 0;
		};
		2651414D1CF5808700AE6CB9 /* Sources */ = {
			isa = PBXSourcesBuildPhase;
			buildActionMask = 2147483647;
			files = (
				265141561CF5808700AE6CB9 /* YQVideoPlayerTests.m in Sources */,
			);
			runOnlyForDeploymentPostprocessing = 0;
		};
		265141581CF5808700AE6CB9 /* Sources */ = {
			isa = PBXSourcesBuildPhase;
			buildActionMask = 2147483647;
			files = (
				265141611CF5808700AE6CB9 /* YQVideoPlayerUITests.m in Sources */,
			);
			runOnlyForDeploymentPostprocessing = 0;
		};
/* End PBXSourcesBuildPhase section */

/* Begin PBXTargetDependency section */
		265141531CF5808700AE6CB9 /* PBXTargetDependency */ = {
			isa = PBXTargetDependency;
			target = 265141371CF5808700AE6CB9 /* YQVideoPlayer */;
			targetProxy = 265141521CF5808700AE6CB9 /* PBXContainerItemProxy */;
		};
		2651415E1CF5808700AE6CB9 /* PBXTargetDependency */ = {
			isa = PBXTargetDependency;
			target = 265141371CF5808700AE6CB9 /* YQVideoPlayer */;
			targetProxy = 2651415D1CF5808700AE6CB9 /* PBXContainerItemProxy */;
		};
/* End PBXTargetDependency section */

/* Begin PBXVariantGroup section */
		265141441CF5808700AE6CB9 /* Main.storyboard */ = {
			isa = PBXVariantGroup;
			children = (
				265141451CF5808700AE6CB9 /* Base */,
			);
			name = Main.storyboard;
			sourceTree = "<group>";
		};
		265141491CF5808700AE6CB9 /* LaunchScreen.storyboard */ = {
			isa = PBXVariantGroup;
			children = (
				2651414A1CF5808700AE6CB9 /* Base */,
			);
			name = LaunchScreen.storyboard;
			sourceTree = "<group>";
		};
/* End PBXVariantGroup section */

/* Begin XCBuildConfiguration section */
		265141631CF5808700AE6CB9 /* Debug */ = {
			isa = XCBuildConfiguration;
			buildSettings = {
				ALWAYS_SEARCH_USER_PATHS = NO;
				CLANG_ANALYZER_NONNULL = YES;
				CLANG_CXX_LANGUAGE_STANDARD = "gnu++0x";
				CLANG_CXX_LIBRARY = "libc++";
				CLANG_ENABLE_MODULES = YES;
				CLANG_ENABLE_OBJC_ARC = YES;
				CLANG_WARN_BOOL_CONVERSION = YES;
				CLANG_WARN_CONSTANT_CONVERSION = YES;
				CLANG_WARN_DIRECT_OBJC_ISA_USAGE = YES_ERROR;
				CLANG_WARN_EMPTY_BODY = YES;
				CLANG_WARN_ENUM_CONVERSION = YES;
				CLANG_WARN_INT_CONVERSION = YES;
				CLANG_WARN_OBJC_ROOT_CLASS = YES_ERROR;
				CLANG_WARN_UNREACHABLE_CODE = YES;
				CLANG_WARN__DUPLICATE_METHOD_MATCH = YES;
				"CODE_SIGN_IDENTITY[sdk=iphoneos*]" = "iPhone Developer";
				COPY_PHASE_STRIP = NO;
				DEBUG_INFORMATION_FORMAT = dwarf;
				ENABLE_STRICT_OBJC_MSGSEND = YES;
				ENABLE_TESTABILITY = YES;
				GCC_C_LANGUAGE_STANDARD = gnu99;
				GCC_DYNAMIC_NO_PIC = NO;
				GCC_NO_COMMON_BLOCKS = YES;
				GCC_OPTIMIZATION_LEVEL = 0;
				GCC_PREPROCESSOR_DEFINITIONS = (
					"DEBUG=1",
					"$(inherited)",
				);
				GCC_WARN_64_TO_32_BIT_CONVERSION = YES;
				GCC_WARN_ABOUT_RETURN_TYPE = YES_ERROR;
				GCC_WARN_UNDECLARED_SELECTOR = YES;
				GCC_WARN_UNINITIALIZED_AUTOS = YES_AGGRESSIVE;
				GCC_WARN_UNUSED_FUNCTION = YES;
				GCC_WARN_UNUSED_VARIABLE = YES;
				IPHONEOS_DEPLOYMENT_TARGET = 9.3;
				MTL_ENABLE_DEBUG_INFO = YES;
				ONLY_ACTIVE_ARCH = YES;
				SDKROOT = iphoneos;
				TARGETED_DEVICE_FAMILY = "1,2";
			};
			name = Debug;
		};
		265141641CF5808700AE6CB9 /* Release */ = {
			isa = XCBuildConfiguration;
			buildSettings = {
				ALWAYS_SEARCH_USER_PATHS = NO;
				CLANG_ANALYZER_NONNULL = YES;
				CLANG_CXX_LANGUAGE_STANDARD = "gnu++0x";
				CLANG_CXX_LIBRARY = "libc++";
				CLANG_ENABLE_MODULES = YES;
				CLANG_ENABLE_OBJC_ARC = YES;
				CLANG_WARN_BOOL_CONVERSION = YES;
				CLANG_WARN_CONSTANT_CONVERSION = YES;
				CLANG_WARN_DIRECT_OBJC_ISA_USAGE = YES_ERROR;
				CLANG_WARN_EMPTY_BODY = YES;
				CLANG_WARN_ENUM_CONVERSION = YES;
				CLANG_WARN_INT_CONVERSION = YES;
				CLANG_WARN_OBJC_ROOT_CLASS = YES_ERROR;
				CLANG_WARN_UNREACHABLE_CODE = YES;
				CLANG_WARN__DUPLICATE_METHOD_MATCH = YES;
				"CODE_SIGN_IDENTITY[sdk=iphoneos*]" = "iPhone Developer";
				COPY_PHASE_STRIP = NO;
				DEBUG_INFORMATION_FORMAT = "dwarf-with-dsym";
				ENABLE_NS_ASSERTIONS = NO;
				ENABLE_STRICT_OBJC_MSGSEND = YES;
				GCC_C_LANGUAGE_STANDARD = gnu99;
				GCC_NO_COMMON_BLOCKS = YES;
				GCC_WARN_64_TO_32_BIT_CONVERSION = YES;
				GCC_WARN_ABOUT_RETURN_TYPE = YES_ERROR;
				GCC_WARN_UNDECLARED_SELECTOR = YES;
				GCC_WARN_UNINITIALIZED_AUTOS = YES_AGGRESSIVE;
				GCC_WARN_UNUSED_FUNCTION = YES;
				GCC_WARN_UNUSED_VARIABLE = YES;
				IPHONEOS_DEPLOYMENT_TARGET = 9.3;
				MTL_ENABLE_DEBUG_INFO = NO;
				SDKROOT = iphoneos;
				TARGETED_DEVICE_FAMILY = "1,2";
				VALIDATE_PRODUCT = YES;
			};
			name = Release;
		};
		265141661CF5808700AE6CB9 /* Debug */ = {
			isa = XCBuildConfiguration;
			baseConfigurationReference = 58378428FDC2FE6EDBCA3FF9 /* Pods-YQVideoPlayer.debug.xcconfig */;
			buildSettings = {
				ASSETCATALOG_COMPILER_APPICON_NAME = AppIcon;
				INFOPLIST_FILE = YQVideoPlayer/Info.plist;
				LD_RUNPATH_SEARCH_PATHS = "$(inherited) @executable_path/Frameworks";
				PRODUCT_BUNDLE_IDENTIFIER = com.mopon.YQVideoPlayer;
				PRODUCT_NAME = "$(TARGET_NAME)";
			};
			name = Debug;
		};
		265141671CF5808700AE6CB9 /* Release */ = {
			isa = XCBuildConfiguration;
			baseConfigurationReference = 0971C1553B5C3C225F35A5EA /* Pods-YQVideoPlayer.release.xcconfig */;
			buildSettings = {
				ASSETCATALOG_COMPILER_APPICON_NAME = AppIcon;
				INFOPLIST_FILE = YQVideoPlayer/Info.plist;
				LD_RUNPATH_SEARCH_PATHS = "$(inherited) @executable_path/Frameworks";
				PRODUCT_BUNDLE_IDENTIFIER = com.mopon.YQVideoPlayer;
				PRODUCT_NAME = "$(TARGET_NAME)";
			};
			name = Release;
		};
		265141691CF5808700AE6CB9 /* Debug */ = {
			isa = XCBuildConfiguration;
			buildSettings = {
				BUNDLE_LOADER = "$(TEST_HOST)";
				INFOPLIST_FILE = YQVideoPlayerTests/Info.plist;
				LD_RUNPATH_SEARCH_PATHS = "$(inherited) @executable_path/Frameworks @loader_path/Frameworks";
				PRODUCT_BUNDLE_IDENTIFIER = com.mopon.YQVideoPlayerTests;
				PRODUCT_NAME = "$(TARGET_NAME)";
				TEST_HOST = "$(BUILT_PRODUCTS_DIR)/YQVideoPlayer.app/YQVideoPlayer";
			};
			name = Debug;
		};
		2651416A1CF5808700AE6CB9 /* Release */ = {
			isa = XCBuildConfiguration;
			buildSettings = {
				BUNDLE_LOADER = "$(TEST_HOST)";
				INFOPLIST_FILE = YQVideoPlayerTests/Info.plist;
				LD_RUNPATH_SEARCH_PATHS = "$(inherited) @executable_path/Frameworks @loader_path/Frameworks";
				PRODUCT_BUNDLE_IDENTIFIER = com.mopon.YQVideoPlayerTests;
				PRODUCT_NAME = "$(TARGET_NAME)";
				TEST_HOST = "$(BUILT_PRODUCTS_DIR)/YQVideoPlayer.app/YQVideoPlayer";
			};
			name = Release;
		};
		2651416C1CF5808700AE6CB9 /* Debug */ = {
			isa = XCBuildConfiguration;
			buildSettings = {
				INFOPLIST_FILE = YQVideoPlayerUITests/Info.plist;
				LD_RUNPATH_SEARCH_PATHS = "$(inherited) @executable_path/Frameworks @loader_path/Frameworks";
				PRODUCT_BUNDLE_IDENTIFIER = com.mopon.YQVideoPlayerUITests;
				PRODUCT_NAME = "$(TARGET_NAME)";
				TEST_TARGET_NAME = YQVideoPlayer;
			};
			name = Debug;
		};
		2651416D1CF5808700AE6CB9 /* Release */ = {
			isa = XCBuildConfiguration;
			buildSettings = {
				INFOPLIST_FILE = YQVideoPlayerUITests/Info.plist;
				LD_RUNPATH_SEARCH_PATHS = "$(inherited) @executable_path/Frameworks @loader_path/Frameworks";
				PRODUCT_BUNDLE_IDENTIFIER = com.mopon.YQVideoPlayerUITests;
				PRODUCT_NAME = "$(TARGET_NAME)";
				TEST_TARGET_NAME = YQVideoPlayer;
			};
			name = Release;
		};
/* End XCBuildConfiguration section */

/* Begin XCConfigurationList section */
		265141331CF5808700AE6CB9 /* Build configuration list for PBXProject "YQVideoPlayer" */ = {
			isa = XCConfigurationList;
			buildConfigurations = (
				265141631CF5808700AE6CB9 /* Debug */,
				265141641CF5808700AE6CB9 /* Release */,
			);
			defaultConfigurationIsVisible = 0;
			defaultConfigurationName = Release;
		};
		265141651CF5808700AE6CB9 /* Build configuration list for PBXNativeTarget "YQVideoPlayer" */ = {
			isa = XCConfigurationList;
			buildConfigurations = (
				265141661CF5808700AE6CB9 /* Debug */,
				265141671CF5808700AE6CB9 /* Release */,
			);
			defaultConfigurationIsVisible = 0;
			defaultConfigurationName = Release;
		};
		265141681CF5808700AE6CB9 /* Build configuration list for PBXNativeTarget "YQVideoPlayerTests" */ = {
			isa = XCConfigurationList;
			buildConfigurations = (
				265141691CF5808700AE6CB9 /* Debug */,
				2651416A1CF5808700AE6CB9 /* Release */,
			);
			defaultConfigurationIsVisible = 0;
			defaultConfigurationName = Release;
		};
		2651416B1CF5808700AE6CB9 /* Build configuration list for PBXNativeTarget "YQVideoPlayerUITests" */ = {
			isa = XCConfigurationList;
			buildConfigurations = (
				2651416C1CF5808700AE6CB9 /* Debug */,
				2651416D1CF5808700AE6CB9 /* Release */,
			);
			defaultConfigurationIsVisible = 0;
			defaultConfigurationName = Release;
		};
/* End XCConfigurationList section */
	};
	rootObject = 265141301CF5808700AE6CB9 /* Project object */;
}
